// !$*UTF8*$!
{
	archiveVersion = 1;
	classes = {
	};
	objectVersion = 56;
	objects = {

/* Begin PBXBuildFile section */
		18B5C1F62AC20B2F00E1BAE0 /* AppDelegate.swift in Sources */ = {isa = PBXBuildFile; fileRef = 18B5C1F52AC20B2F00E1BAE0 /* AppDelegate.swift */; };
		18B5C1F82AC20B2F00E1BAE0 /* SceneDelegate.swift in Sources */ = {isa = PBXBuildFile; fileRef = 18B5C1F72AC20B2F00E1BAE0 /* SceneDelegate.swift */; };
		18B5C1FA2AC20B2F00E1BAE0 /* HomeViewController.swift in Sources */ = {isa = PBXBuildFile; fileRef = 18B5C1F92AC20B2F00E1BAE0 /* HomeViewController.swift */; };
		18B5C1FF2AC20B3100E1BAE0 /* Assets.xcassets in Resources */ = {isa = PBXBuildFile; fileRef = 18B5C1FE2AC20B3100E1BAE0 /* Assets.xcassets */; };
		18B5C2022AC20B3100E1BAE0 /* LaunchScreen.storyboard in Resources */ = {isa = PBXBuildFile; fileRef = 18B5C2002AC20B3100E1BAE0 /* LaunchScreen.storyboard */; };
		18B5C20D2AC20DD400E1BAE0 /* ProfileViewController.swift in Sources */ = {isa = PBXBuildFile; fileRef = 18B5C20C2AC20DD400E1BAE0 /* ProfileViewController.swift */; };
		18B5C20F2AC20E2D00E1BAE0 /* TabBarViewController.swift in Sources */ = {isa = PBXBuildFile; fileRef = 18B5C20E2AC20E2D00E1BAE0 /* TabBarViewController.swift */; };
		18B5C2122AC20E7400E1BAE0 /* IAPManager.swift in Sources */ = {isa = PBXBuildFile; fileRef = 18B5C2112AC20E7400E1BAE0 /* IAPManager.swift */; };
		18B5C2142AC20E8A00E1BAE0 /* DatabaseManager.swift in Sources */ = {isa = PBXBuildFile; fileRef = 18B5C2132AC20E8A00E1BAE0 /* DatabaseManager.swift */; };
		18B5C2162AC20E9C00E1BAE0 /* AuthManager.swift in Sources */ = {isa = PBXBuildFile; fileRef = 18B5C2152AC20E9C00E1BAE0 /* AuthManager.swift */; };
		18B5C2182AC20EAE00E1BAE0 /* StorageManager.swift in Sources */ = {isa = PBXBuildFile; fileRef = 18B5C2172AC20EAE00E1BAE0 /* StorageManager.swift */; };
		18B5C21B2AC20F0D00E1BAE0 /* SignInViewController.swift in Sources */ = {isa = PBXBuildFile; fileRef = 18B5C21A2AC20F0D00E1BAE0 /* SignInViewController.swift */; };
		18B5C21E2AC20F3100E1BAE0 /* SignUpViewController.swift in Sources */ = {isa = PBXBuildFile; fileRef = 18B5C21D2AC20F3100E1BAE0 /* SignUpViewController.swift */; };
		18B5C2212AC20F5C00E1BAE0 /* ViewPostViewController.swift in Sources */ = {isa = PBXBuildFile; fileRef = 18B5C2202AC20F5C00E1BAE0 /* ViewPostViewController.swift */; };
		18B5C2232AC20F6E00E1BAE0 /* CreateNewPostViewController.swift in Sources */ = {isa = PBXBuildFile; fileRef = 18B5C2222AC20F6E00E1BAE0 /* CreateNewPostViewController.swift */; };
/* End PBXBuildFile section */

/* Begin PBXFileReference section */
		18B5C1F22AC20B2F00E1BAE0 /* Travel Journey.app */ = {isa = PBXFileReference; explicitFileType = wrapper.application; includeInIndex = 0; path = "Travel Journey.app"; sourceTree = BUILT_PRODUCTS_DIR; };
		18B5C1F52AC20B2F00E1BAE0 /* AppDelegate.swift */ = {isa = PBXFileReference; lastKnownFileType = sourcecode.swift; path = AppDelegate.swift; sourceTree = "<group>"; };
		18B5C1F72AC20B2F00E1BAE0 /* SceneDelegate.swift */ = {isa = PBXFileReference; lastKnownFileType = sourcecode.swift; path = SceneDelegate.swift; sourceTree = "<group>"; };
		18B5C1F92AC20B2F00E1BAE0 /* HomeViewController.swift */ = {isa = PBXFileReference; lastKnownFileType = sourcecode.swift; path = HomeViewController.swift; sourceTree = "<group>"; };
		18B5C1FE2AC20B3100E1BAE0 /* Assets.xcassets */ = {isa = PBXFileReference; lastKnownFileType = folder.assetcatalog; path = Assets.xcassets; sourceTree = "<group>"; };
		18B5C2012AC20B3100E1BAE0 /* Base */ = {isa = PBXFileReference; lastKnownFileType = file.storyboard; name = Base; path = Base.lproj/LaunchScreen.storyboard; sourceTree = "<group>"; };
		18B5C2032AC20B3100E1BAE0 /* Info.plist */ = {isa = PBXFileReference; lastKnownFileType = text.plist.xml; path = Info.plist; sourceTree = "<group>"; };
		18B5C20C2AC20DD400E1BAE0 /* ProfileViewController.swift */ = {isa = PBXFileReference; lastKnownFileType = sourcecode.swift; path = ProfileViewController.swift; sourceTree = "<group>"; };
		18B5C20E2AC20E2D00E1BAE0 /* TabBarViewController.swift */ = {isa = PBXFileReference; lastKnownFileType = sourcecode.swift; path = TabBarViewController.swift; sourceTree = "<group>"; };
		18B5C2112AC20E7400E1BAE0 /* IAPManager.swift */ = {isa = PBXFileReference; lastKnownFileType = sourcecode.swift; path = IAPManager.swift; sourceTree = "<group>"; };
		18B5C2132AC20E8A00E1BAE0 /* DatabaseManager.swift */ = {isa = PBXFileReference; lastKnownFileType = sourcecode.swift; path = DatabaseManager.swift; sourceTree = "<group>"; };
		18B5C2152AC20E9C00E1BAE0 /* AuthManager.swift */ = {isa = PBXFileReference; lastKnownFileType = sourcecode.swift; path = AuthManager.swift; sourceTree = "<group>"; };
		18B5C2172AC20EAE00E1BAE0 /* StorageManager.swift */ = {isa = PBXFileReference; lastKnownFileType = sourcecode.swift; path = StorageManager.swift; sourceTree = "<group>"; };
		18B5C21A2AC20F0D00E1BAE0 /* SignInViewController.swift */ = {isa = PBXFileReference; lastKnownFileType = sourcecode.swift; path = SignInViewController.swift; sourceTree = "<group>"; };
		18B5C21D2AC20F3100E1BAE0 /* SignUpViewController.swift */ = {isa = PBXFileReference; lastKnownFileType = sourcecode.swift; path = SignUpViewController.swift; sourceTree = "<group>"; };
		18B5C2202AC20F5C00E1BAE0 /* ViewPostViewController.swift */ = {isa = PBXFileReference; lastKnownFileType = sourcecode.swift; path = ViewPostViewController.swift; sourceTree = "<group>"; };
		18B5C2222AC20F6E00E1BAE0 /* CreateNewPostViewController.swift */ = {isa = PBXFileReference; lastKnownFileType = sourcecode.swift; path = CreateNewPostViewController.swift; sourceTree = "<group>"; };
/* End PBXFileReference section */

/* Begin PBXFrameworksBuildPhase section */
		18B5C1EF2AC20B2F00E1BAE0 /* Frameworks */ = {
			isa = PBXFrameworksBuildPhase;
			buildActionMask = 2147483647;
			files = (
			);
			runOnlyForDeploymentPostprocessing = 0;
		};
/* End PBXFrameworksBuildPhase section */

/* Begin PBXGroup section */
		18B5C1E92AC20B2F00E1BAE0 = {
			isa = PBXGroup;
			children = (
				18B5C1F42AC20B2F00E1BAE0 /* Travel Journey */,
				18B5C1F32AC20B2F00E1BAE0 /* Products */,
			);
			sourceTree = "<group>";
		};
		18B5C1F32AC20B2F00E1BAE0 /* Products */ = {
			isa = PBXGroup;
			children = (
				18B5C1F22AC20B2F00E1BAE0 /* Travel Journey.app */,
			);
			name = Products;
			sourceTree = "<group>";
		};
		18B5C1F42AC20B2F00E1BAE0 /* Travel Journey */ = {
			isa = PBXGroup;
			children = (
				18B5C20A2AC20D9200E1BAE0 /* Controllers */,
				18B5C2242AC20F8200E1BAE0 /* Models */,
				18B5C2192AC20ECB00E1BAE0 /* Views */,
				18B5C2092AC20D7500E1BAE0 /* Others */,
				18B5C2102AC20E3C00E1BAE0 /* Managers */,
				18B5C2032AC20B3100E1BAE0 /* Info.plist */,
			);
			path = "Travel Journey";
			sourceTree = "<group>";
		};
		18B5C2092AC20D7500E1BAE0 /* Others */ = {
			isa = PBXGroup;
			children = (
				18B5C1FE2AC20B3100E1BAE0 /* Assets.xcassets */,
				18B5C1F52AC20B2F00E1BAE0 /* AppDelegate.swift */,
				18B5C1F72AC20B2F00E1BAE0 /* SceneDelegate.swift */,
			);
			path = Others;
			sourceTree = "<group>";
		};
		18B5C20A2AC20D9200E1BAE0 /* Controllers */ = {
			isa = PBXGroup;
			children = (
				18B5C21C2AC20F1700E1BAE0 /* Auth */,
				18B5C20B2AC20DAB00E1BAE0 /* Core tabs */,
				18B5C21F2AC20F3B00E1BAE0 /* Posts */,
			);
			path = Controllers;
			sourceTree = "<group>";
		};
		18B5C20B2AC20DAB00E1BAE0 /* Core tabs */ = {
			isa = PBXGroup;
			children = (
				18B5C1F92AC20B2F00E1BAE0 /* HomeViewController.swift */,
				18B5C20C2AC20DD400E1BAE0 /* ProfileViewController.swift */,
				18B5C20E2AC20E2D00E1BAE0 /* TabBarViewController.swift */,
			);
			path = "Core tabs";
			sourceTree = "<group>";
		};
		18B5C2102AC20E3C00E1BAE0 /* Managers */ = {
			isa = PBXGroup;
			children = (
				18B5C2112AC20E7400E1BAE0 /* IAPManager.swift */,
				18B5C2132AC20E8A00E1BAE0 /* DatabaseManager.swift */,
				18B5C2152AC20E9C00E1BAE0 /* AuthManager.swift */,
				18B5C2172AC20EAE00E1BAE0 /* StorageManager.swift */,
			);
			path = Managers;
			sourceTree = "<group>";
		};
		18B5C2192AC20ECB00E1BAE0 /* Views */ = {
			isa = PBXGroup;
			children = (
				18B5C2002AC20B3100E1BAE0 /* LaunchScreen.storyboard */,
			);
			path = Views;
			sourceTree = "<group>";
		};
		18B5C21C2AC20F1700E1BAE0 /* Auth */ = {
			isa = PBXGroup;
			children = (
				18B5C21A2AC20F0D00E1BAE0 /* SignInViewController.swift */,
				18B5C21D2AC20F3100E1BAE0 /* SignUpViewController.swift */,
			);
			path = Auth;
			sourceTree = "<group>";
		};
		18B5C21F2AC20F3B00E1BAE0 /* Posts */ = {
			isa = PBXGroup;
			children = (
				18B5C2202AC20F5C00E1BAE0 /* ViewPostViewController.swift */,
				18B5C2222AC20F6E00E1BAE0 /* CreateNewPostViewController.swift */,
			);
			path = Posts;
			sourceTree = "<group>";
		};
		18B5C2242AC20F8200E1BAE0 /* Models */ = {
			isa = PBXGroup;
			children = (
			);
			path = Models;
			sourceTree = "<group>";
		};
/* End PBXGroup section */

/* Begin PBXNativeTarget section */
		18B5C1F12AC20B2F00E1BAE0 /* Travel Journey */ = {
			isa = PBXNativeTarget;
			buildConfigurationList = 18B5C2062AC20B3100E1BAE0 /* Build configuration list for PBXNativeTarget "Travel Journey" */;
			buildPhases = (
				18B5C1EE2AC20B2F00E1BAE0 /* Sources */,
				18B5C1EF2AC20B2F00E1BAE0 /* Frameworks */,
				18B5C1F02AC20B2F00E1BAE0 /* Resources */,
			);
			buildRules = (
			);
			dependencies = (
			);
			name = "Travel Journey";
			productName = "Travel Journey";
			productReference = 18B5C1F22AC20B2F00E1BAE0 /* Travel Journey.app */;
			productType = "com.apple.product-type.application";
		};
/* End PBXNativeTarget section */

/* Begin PBXProject section */
		18B5C1EA2AC20B2F00E1BAE0 /* Project object */ = {
			isa = PBXProject;
			attributes = {
				BuildIndependentTargetsInParallel = 1;
				LastSwiftUpdateCheck = 1500;
				LastUpgradeCheck = 1500;
				TargetAttributes = {
					18B5C1F12AC20B2F00E1BAE0 = {
						CreatedOnToolsVersion = 15.0;
					};
				};
			};
			buildConfigurationList = 18B5C1ED2AC20B2F00E1BAE0 /* Build configuration list for PBXProject "Travel Journey" */;
			compatibilityVersion = "Xcode 14.0";
			developmentRegion = en;
			hasScannedForEncodings = 0;
			knownRegions = (
				en,
				Base,
			);
			mainGroup = 18B5C1E92AC20B2F00E1BAE0;
			productRefGroup = 18B5C1F32AC20B2F00E1BAE0 /* Products */;
			projectDirPath = "";
			projectRoot = "";
			targets = (
				18B5C1F12AC20B2F00E1BAE0 /* Travel Journey */,
			);
		};
/* End PBXProject section */

/* Begin PBXResourcesBuildPhase section */
		18B5C1F02AC20B2F00E1BAE0 /* Resources */ = {
			isa = PBXResourcesBuildPhase;
			buildActionMask = 2147483647;
			files = (
				18B5C2022AC20B3100E1BAE0 /* LaunchScreen.storyboard in Resources */,
				18B5C1FF2AC20B3100E1BAE0 /* Assets.xcassets in Resources */,
			);
			runOnlyForDeploymentPostprocessing = 0;
		};
/* End PBXResourcesBuildPhase section */

/* Begin PBXSourcesBuildPhase section */
		18B5C1EE2AC20B2F00E1BAE0 /* Sources */ = {
			isa = PBXSourcesBuildPhase;
			buildActionMask = 2147483647;
			files = (
				18B5C21E2AC20F3100E1BAE0 /* SignUpViewController.swift in Sources */,
				18B5C2122AC20E7400E1BAE0 /* IAPManager.swift in Sources */,
				18B5C2162AC20E9C00E1BAE0 /* AuthManager.swift in Sources */,
				18B5C1FA2AC20B2F00E1BAE0 /* HomeViewController.swift in Sources */,
				18B5C2182AC20EAE00E1BAE0 /* StorageManager.swift in Sources */,
				18B5C1F62AC20B2F00E1BAE0 /* AppDelegate.swift in Sources */,
				18B5C20D2AC20DD400E1BAE0 /* ProfileViewController.swift in Sources */,
				18B5C2232AC20F6E00E1BAE0 /* CreateNewPostViewController.swift in Sources */,
				18B5C20F2AC20E2D00E1BAE0 /* TabBarViewController.swift in Sources */,
				18B5C1F82AC20B2F00E1BAE0 /* SceneDelegate.swift in Sources */,
				18B5C21B2AC20F0D00E1BAE0 /* SignInViewController.swift in Sources */,
				18B5C2142AC20E8A00E1BAE0 /* DatabaseManager.swift in Sources */,
				18B5C2212AC20F5C00E1BAE0 /* ViewPostViewController.swift in Sources */,
			);
			runOnlyForDeploymentPostprocessing = 0;
		};
/* End PBXSourcesBuildPhase section */

/* Begin PBXVariantGroup section */
		18B5C2002AC20B3100E1BAE0 /* LaunchScreen.storyboard */ = {
			isa = PBXVariantGroup;
			children = (
				18B5C2012AC20B3100E1BAE0 /* Base */,
			);
			name = LaunchScreen.storyboard;
			sourceTree = "<group>";
		};
/* End PBXVariantGroup section */

/* Begin XCBuildConfiguration section */
		18B5C2042AC20B3100E1BAE0 /* Debug */ = {
			isa = XCBuildConfiguration;
			buildSettings = {
				ALWAYS_SEARCH_USER_PATHS = NO;
				ASSETCATALOG_COMPILER_GENERATE_SWIFT_ASSET_SYMBOL_EXTENSIONS = YES;
				CLANG_ANALYZER_NONNULL = YES;
				CLANG_ANALYZER_NUMBER_OBJECT_CONVERSION = YES_AGGRESSIVE;
				CLANG_CXX_LANGUAGE_STANDARD = "gnu++20";
				CLANG_ENABLE_MODULES = YES;
				CLANG_ENABLE_OBJC_ARC = YES;
				CLANG_ENABLE_OBJC_WEAK = YES;
				CLANG_WARN_BLOCK_CAPTURE_AUTORELEASING = YES;
				CLANG_WARN_BOOL_CONVERSION = YES;
				CLANG_WARN_COMMA = YES;
				CLANG_WARN_CONSTANT_CONVERSION = YES;
				CLANG_WARN_DEPRECATED_OBJC_IMPLEMENTATIONS = YES;
				CLANG_WARN_DIRECT_OBJC_ISA_USAGE = YES_ERROR;
				CLANG_WARN_DOCUMENTATION_COMMENTS = YES;
				CLANG_WARN_EMPTY_BODY = YES;
				CLANG_WARN_ENUM_CONVERSION = YES;
				CLANG_WARN_INFINITE_RECURSION = YES;
				CLANG_WARN_INT_CONVERSION = YES;
				CLANG_WARN_NON_LITERAL_NULL_CONVERSION = YES;
				CLANG_WARN_OBJC_IMPLICIT_RETAIN_SELF = YES;
				CLANG_WARN_OBJC_LITERAL_CONVERSION = YES;
				CLANG_WARN_OBJC_ROOT_CLASS = YES_ERROR;
				CLANG_WARN_QUOTED_INCLUDE_IN_FRAMEWORK_HEADER = YES;
				CLANG_WARN_RANGE_LOOP_ANALYSIS = YES;
				CLANG_WARN_STRICT_PROTOTYPES = YES;
				CLANG_WARN_SUSPICIOUS_MOVE = YES;
				CLANG_WARN_UNGUARDED_AVAILABILITY = YES_AGGRESSIVE;
				CLANG_WARN_UNREACHABLE_CODE = YES;
				CLANG_WARN__DUPLICATE_METHOD_MATCH = YES;
				COPY_PHASE_STRIP = NO;
				DEBUG_INFORMATION_FORMAT = dwarf;
				ENABLE_STRICT_OBJC_MSGSEND = YES;
				ENABLE_TESTABILITY = YES;
				ENABLE_USER_SCRIPT_SANDBOXING = YES;
				GCC_C_LANGUAGE_STANDARD = gnu17;
				GCC_DYNAMIC_NO_PIC = NO;
				GCC_NO_COMMON_BLOCKS = YES;
				GCC_OPTIMIZATION_LEVEL = 0;
				GCC_PREPROCESSOR_DEFINITIONS = (
					"DEBUG=1",
					"$(inherited)",
				);
				GCC_WARN_64_TO_32_BIT_CONVERSION = YES;
				GCC_WARN_ABOUT_RETURN_TYPE = YES_ERROR;
				GCC_WARN_UNDECLARED_SELECTOR = YES;
				GCC_WARN_UNINITIALIZED_AUTOS = YES_AGGRESSIVE;
				GCC_WARN_UNUSED_FUNCTION = YES;
				GCC_WARN_UNUSED_VARIABLE = YES;
				IPHONEOS_DEPLOYMENT_TARGET = 17.0;
				LOCALIZATION_PREFERS_STRING_CATALOGS = YES;
				MTL_ENABLE_DEBUG_INFO = INCLUDE_SOURCE;
				MTL_FAST_MATH = YES;
				ONLY_ACTIVE_ARCH = YES;
				SDKROOT = iphoneos;
				SWIFT_ACTIVE_COMPILATION_CONDITIONS = "DEBUG $(inherited)";
				SWIFT_OPTIMIZATION_LEVEL = "-Onone";
			};
			name = Debug;
		};
		18B5C2052AC20B3100E1BAE0 /* Release */ = {
			isa = XCBuildConfiguration;
			buildSettings = {
				ALWAYS_SEARCH_USER_PATHS = NO;
				ASSETCATALOG_COMPILER_GENERATE_SWIFT_ASSET_SYMBOL_EXTENSIONS = YES;
				CLANG_ANALYZER_NONNULL = YES;
				CLANG_ANALYZER_NUMBER_OBJECT_CONVERSION = YES_AGGRESSIVE;
				CLANG_CXX_LANGUAGE_STANDARD = "gnu++20";
				CLANG_ENABLE_MODULES = YES;
				CLANG_ENABLE_OBJC_ARC = YES;
				CLANG_ENABLE_OBJC_WEAK = YES;
				CLANG_WARN_BLOCK_CAPTURE_AUTORELEASING = YES;
				CLANG_WARN_BOOL_CONVERSION = YES;
				CLANG_WARN_COMMA = YES;
				CLANG_WARN_CONSTANT_CONVERSION = YES;
				CLANG_WARN_DEPRECATED_OBJC_IMPLEMENTATIONS = YES;
				CLANG_WARN_DIRECT_OBJC_ISA_USAGE = YES_ERROR;
				CLANG_WARN_DOCUMENTATION_COMMENTS = YES;
				CLANG_WARN_EMPTY_BODY = YES;
				CLANG_WARN_ENUM_CONVERSION = YES;
				CLANG_WARN_INFINITE_RECURSION = YES;
				CLANG_WARN_INT_CONVERSION = YES;
				CLANG_WARN_NON_LITERAL_NULL_CONVERSION = YES;
				CLANG_WARN_OBJC_IMPLICIT_RETAIN_SELF = YES;
				CLANG_WARN_OBJC_LITERAL_CONVERSION = YES;
				CLANG_WARN_OBJC_ROOT_CLASS = YES_ERROR;
				CLANG_WARN_QUOTED_INCLUDE_IN_FRAMEWORK_HEADER = YES;
				CLANG_WARN_RANGE_LOOP_ANALYSIS = YES;
				CLANG_WARN_STRICT_PROTOTYPES = YES;
				CLANG_WARN_SUSPICIOUS_MOVE = YES;
				CLANG_WARN_UNGUARDED_AVAILABILITY = YES_AGGRESSIVE;
				CLANG_WARN_UNREACHABLE_CODE = YES;
				CLANG_WARN__DUPLICATE_METHOD_MATCH = YES;
				COPY_PHASE_STRIP = NO;
				DEBUG_INFORMATION_FORMAT = "dwarf-with-dsym";
				ENABLE_NS_ASSERTIONS = NO;
				ENABLE_STRICT_OBJC_MSGSEND = YES;
				ENABLE_USER_SCRIPT_SANDBOXING = YES;
				GCC_C_LANGUAGE_STANDARD = gnu17;
				GCC_NO_COMMON_BLOCKS = YES;
				GCC_WARN_64_TO_32_BIT_CONVERSION = YES;
				GCC_WARN_ABOUT_RETURN_TYPE = YES_ERROR;
				GCC_WARN_UNDECLARED_SELECTOR = YES;
				GCC_WARN_UNINITIALIZED_AUTOS = YES_AGGRESSIVE;
				GCC_WARN_UNUSED_FUNCTION = YES;
				GCC_WARN_UNUSED_VARIABLE = YES;
				IPHONEOS_DEPLOYMENT_TARGET = 17.0;
				LOCALIZATION_PREFERS_STRING_CATALOGS = YES;
				MTL_ENABLE_DEBUG_INFO = NO;
				MTL_FAST_MATH = YES;
				SDKROOT = iphoneos;
				SWIFT_COMPILATION_MODE = wholemodule;
				VALIDATE_PRODUCT = YES;
			};
			name = Release;
		};
		18B5C2072AC20B3100E1BAE0 /* Debug */ = {
			isa = XCBuildConfiguration;
			buildSettings = {
				ASSETCATALOG_COMPILER_APPICON_NAME = AppIcon;
				ASSETCATALOG_COMPILER_GLOBAL_ACCENT_COLOR_NAME = AccentColor;
				CODE_SIGN_STYLE = Automatic;
				CURRENT_PROJECT_VERSION = 1;
				DEVELOPMENT_TEAM = 7WZJQ7AT83;
				GENERATE_INFOPLIST_FILE = YES;
				INFOPLIST_FILE = "Travel Journey/Info.plist";
				INFOPLIST_KEY_UIApplicationSupportsIndirectInputEvents = YES;
				INFOPLIST_KEY_UILaunchStoryboardName = LaunchScreen;
				INFOPLIST_KEY_UISupportedInterfaceOrientations = UIInterfaceOrientationPortrait;
				INFOPLIST_KEY_UISupportedInterfaceOrientations_iPad = "UIInterfaceOrientationLandscapeLeft UIInterfaceOrientationLandscapeRight UIInterfaceOrientationPortrait UIInterfaceOrientationPortraitUpsideDown";
				IPHONEOS_DEPLOYMENT_TARGET = 13.6;
				LD_RUNPATH_SEARCH_PATHS = (
					"$(inherited)",
					"@executable_path/Frameworks",
				);
				MARKETING_VERSION = 1.0;
				PRODUCT_BUNDLE_IDENTIFIER = "ruchira.sinha.Travel-Journey";
				PRODUCT_NAME = "$(TARGET_NAME)";
				SUPPORTED_PLATFORMS = "iphoneos iphonesimulator";
				SUPPORTS_MACCATALYST = NO;
				SUPPORTS_MAC_DESIGNED_FOR_IPHONE_IPAD = NO;
				SWIFT_EMIT_LOC_STRINGS = YES;
				SWIFT_VERSION = 5.0;
				TARGETED_DEVICE_FAMILY = 1;
			};
			name = Debug;
		};
		18B5C2082AC20B3100E1BAE0 /* Release */ = {
			isa = XCBuildConfiguration;
			buildSettings = {
				ASSETCATALOG_COMPILER_APPICON_NAME = AppIcon;
				ASSETCATALOG_COMPILER_GLOBAL_ACCENT_COLOR_NAME = AccentColor;
				CODE_SIGN_STYLE = Automatic;
				CURRENT_PROJECT_VERSION = 1;
				DEVELOPMENT_TEAM = 7WZJQ7AT83;
				GENERATE_INFOPLIST_FILE = YES;
				INFOPLIST_FILE = "Travel Journey/Info.plist";
				INFOPLIST_KEY_UIApplicationSupportsIndirectInputEvents = YES;
				INFOPLIST_KEY_UILaunchStoryboardName = LaunchScreen;
				INFOPLIST_KEY_UISupportedInterfaceOrientations = UIInterfaceOrientationPortrait;
				INFOPLIST_KEY_UISupportedInterfaceOrientations_iPad = "UIInterfaceOrientationLandscapeLeft UIInterfaceOrientationLandscapeRight UIInterfaceOrientationPortrait UIInterfaceOrientationPortraitUpsideDown";
				IPHONEOS_DEPLOYMENT_TARGET = 13.6;
				LD_RUNPATH_SEARCH_PATHS = (
					"$(inherited)",
					"@executable_path/Frameworks",
				);
				MARKETING_VERSION = 1.0;
				PRODUCT_BUNDLE_IDENTIFIER = "ruchira.sinha.Travel-Journey";
				PRODUCT_NAME = "$(TARGET_NAME)";
				SUPPORTED_PLATFORMS = "iphoneos iphonesimulator";
				SUPPORTS_MACCATALYST = NO;
				SUPPORTS_MAC_DESIGNED_FOR_IPHONE_IPAD = NO;
				SWIFT_EMIT_LOC_STRINGS = YES;
				SWIFT_VERSION = 5.0;
				TARGETED_DEVICE_FAMILY = 1;
			};
			name = Release;
		};
/* End XCBuildConfiguration section */

/* Begin XCConfigurationList section */
		18B5C1ED2AC20B2F00E1BAE0 /* Build configuration list for PBXProject "Travel Journey" */ = {
			isa = XCConfigurationList;
			buildConfigurations = (
				18B5C2042AC20B3100E1BAE0 /* Debug */,
				18B5C2052AC20B3100E1BAE0 /* Release */,
			);
			defaultConfigurationIsVisible = 0;
			defaultConfigurationName = Release;
		};
		18B5C2062AC20B3100E1BAE0 /* Build configuration list for PBXNativeTarget "Travel Journey" */ = {
			isa = XCConfigurationList;
			buildConfigurations = (
				18B5C2072AC20B3100E1BAE0 /* Debug */,
				18B5C2082AC20B3100E1BAE0 /* Release */,
			);
			defaultConfigurationIsVisible = 0;
			defaultConfigurationName = Release;
		};
/* End XCConfigurationList section */
	};
	rootObject = 18B5C1EA2AC20B2F00E1BAE0 /* Project object */;
}
