// !$*UTF8*$!
{
	archiveVersion = 1;
	classes = {
	};
	objectVersion = 56;
	objects = {

/* Begin PBXBuildFile section */
		183053C12B5180090087AF7C /* PostPreviewTableViewCell.swift in Sources */ = {isa = PBXBuildFile; fileRef = 183053C02B5180090087AF7C /* PostPreviewTableViewCell.swift */; };
		183053C32B51802F0087AF7C /* PostHeaderTableViewCell.swift in Sources */ = {isa = PBXBuildFile; fileRef = 183053C22B51802F0087AF7C /* PostHeaderTableViewCell.swift */; };
		183B6F2C2B502D7B004586FC /* FirebaseAnalytics in Frameworks */ = {isa = PBXBuildFile; productRef = 183B6F2B2B502D7B004586FC /* FirebaseAnalytics */; };
		183B6F2E2B502D7B004586FC /* FirebaseAnalyticsOnDeviceConversion in Frameworks */ = {isa = PBXBuildFile; productRef = 183B6F2D2B502D7B004586FC /* FirebaseAnalyticsOnDeviceConversion */; };
		183B6F302B502D7B004586FC /* FirebaseAnalyticsSwift in Frameworks */ = {isa = PBXBuildFile; productRef = 183B6F2F2B502D7B004586FC /* FirebaseAnalyticsSwift */; };
		183B6F322B502D7B004586FC /* FirebaseAnalyticsWithoutAdIdSupport in Frameworks */ = {isa = PBXBuildFile; productRef = 183B6F312B502D7B004586FC /* FirebaseAnalyticsWithoutAdIdSupport */; };
		183B6F342B502D7B004586FC /* FirebaseAppCheck in Frameworks */ = {isa = PBXBuildFile; productRef = 183B6F332B502D7B004586FC /* FirebaseAppCheck */; };
		18B5C1F62AC20B2F00E1BAE0 /* AppDelegate.swift in Sources */ = {isa = PBXBuildFile; fileRef = 18B5C1F52AC20B2F00E1BAE0 /* AppDelegate.swift */; };
		18B5C1F82AC20B2F00E1BAE0 /* SceneDelegate.swift in Sources */ = {isa = PBXBuildFile; fileRef = 18B5C1F72AC20B2F00E1BAE0 /* SceneDelegate.swift */; };
		18B5C1FA2AC20B2F00E1BAE0 /* HomeViewController.swift in Sources */ = {isa = PBXBuildFile; fileRef = 18B5C1F92AC20B2F00E1BAE0 /* HomeViewController.swift */; };
		18B5C1FF2AC20B3100E1BAE0 /* Assets.xcassets in Resources */ = {isa = PBXBuildFile; fileRef = 18B5C1FE2AC20B3100E1BAE0 /* Assets.xcassets */; };
		18B5C2022AC20B3100E1BAE0 /* LaunchScreen.storyboard in Resources */ = {isa = PBXBuildFile; fileRef = 18B5C2002AC20B3100E1BAE0 /* LaunchScreen.storyboard */; };
		18B5C20D2AC20DD400E1BAE0 /* ProfileViewController.swift in Sources */ = {isa = PBXBuildFile; fileRef = 18B5C20C2AC20DD400E1BAE0 /* ProfileViewController.swift */; };
		18B5C20F2AC20E2D00E1BAE0 /* TabBarViewController.swift in Sources */ = {isa = PBXBuildFile; fileRef = 18B5C20E2AC20E2D00E1BAE0 /* TabBarViewController.swift */; };
		18B5C2122AC20E7400E1BAE0 /* IAPManager.swift in Sources */ = {isa = PBXBuildFile; fileRef = 18B5C2112AC20E7400E1BAE0 /* IAPManager.swift */; };
		18B5C2142AC20E8A00E1BAE0 /* DatabaseManager.swift in Sources */ = {isa = PBXBuildFile; fileRef = 18B5C2132AC20E8A00E1BAE0 /* DatabaseManager.swift */; };
		18B5C2162AC20E9C00E1BAE0 /* AuthManager.swift in Sources */ = {isa = PBXBuildFile; fileRef = 18B5C2152AC20E9C00E1BAE0 /* AuthManager.swift */; };
		18B5C2182AC20EAE00E1BAE0 /* StorageManager.swift in Sources */ = {isa = PBXBuildFile; fileRef = 18B5C2172AC20EAE00E1BAE0 /* StorageManager.swift */; };
		18B5C21B2AC20F0D00E1BAE0 /* SignInViewController.swift in Sources */ = {isa = PBXBuildFile; fileRef = 18B5C21A2AC20F0D00E1BAE0 /* SignInViewController.swift */; };
		18B5C21E2AC20F3100E1BAE0 /* SignUpViewController.swift in Sources */ = {isa = PBXBuildFile; fileRef = 18B5C21D2AC20F3100E1BAE0 /* SignUpViewController.swift */; };
		18B5C2212AC20F5C00E1BAE0 /* ViewPostViewController.swift in Sources */ = {isa = PBXBuildFile; fileRef = 18B5C2202AC20F5C00E1BAE0 /* ViewPostViewController.swift */; };
		18B5C2232AC20F6E00E1BAE0 /* CreateNewPostViewController.swift in Sources */ = {isa = PBXBuildFile; fileRef = 18B5C2222AC20F6E00E1BAE0 /* CreateNewPostViewController.swift */; };
		18B5C2272AC2F9D600E1BAE0 /* FirebaseAnalytics in Frameworks */ = {isa = PBXBuildFile; productRef = 18B5C2262AC2F9D600E1BAE0 /* FirebaseAnalytics */; };
		18B5C2292AC2F9D600E1BAE0 /* FirebaseAnalyticsOnDeviceConversion in Frameworks */ = {isa = PBXBuildFile; productRef = 18B5C2282AC2F9D600E1BAE0 /* FirebaseAnalyticsOnDeviceConversion */; };
		18B5C22B2AC2F9D600E1BAE0 /* FirebaseAnalyticsSwift in Frameworks */ = {isa = PBXBuildFile; productRef = 18B5C22A2AC2F9D600E1BAE0 /* FirebaseAnalyticsSwift */; };
		18B5C22D2AC2F9D600E1BAE0 /* FirebaseAnalyticsWithoutAdIdSupport in Frameworks */ = {isa = PBXBuildFile; productRef = 18B5C22C2AC2F9D600E1BAE0 /* FirebaseAnalyticsWithoutAdIdSupport */; };
		18B5C22F2AC2F9D600E1BAE0 /* FirebaseAppCheck in Frameworks */ = {isa = PBXBuildFile; productRef = 18B5C22E2AC2F9D600E1BAE0 /* FirebaseAppCheck */; };
		18B5C2312AC2F9D600E1BAE0 /* FirebaseAppDistribution-Beta in Frameworks */ = {isa = PBXBuildFile; productRef = 18B5C2302AC2F9D600E1BAE0 /* FirebaseAppDistribution-Beta */; };
		18B5C2332AC2F9D600E1BAE0 /* FirebaseAuth in Frameworks */ = {isa = PBXBuildFile; productRef = 18B5C2322AC2F9D600E1BAE0 /* FirebaseAuth */; };
		18B5C2352AC2F9D600E1BAE0 /* FirebaseAuthCombine-Community in Frameworks */ = {isa = PBXBuildFile; productRef = 18B5C2342AC2F9D600E1BAE0 /* FirebaseAuthCombine-Community */; };
		18B5C2372AC2F9D600E1BAE0 /* FirebaseCrashlytics in Frameworks */ = {isa = PBXBuildFile; productRef = 18B5C2362AC2F9D600E1BAE0 /* FirebaseCrashlytics */; };
		18B5C2392AC2F9D600E1BAE0 /* FirebaseDatabase in Frameworks */ = {isa = PBXBuildFile; productRef = 18B5C2382AC2F9D600E1BAE0 /* FirebaseDatabase */; };
		18B5C23B2AC2F9D600E1BAE0 /* FirebaseDatabaseSwift in Frameworks */ = {isa = PBXBuildFile; productRef = 18B5C23A2AC2F9D600E1BAE0 /* FirebaseDatabaseSwift */; };
		18B5C23D2AC2F9D600E1BAE0 /* FirebaseDynamicLinks in Frameworks */ = {isa = PBXBuildFile; productRef = 18B5C23C2AC2F9D600E1BAE0 /* FirebaseDynamicLinks */; };
		18B5C23F2AC2F9D600E1BAE0 /* FirebaseFirestore in Frameworks */ = {isa = PBXBuildFile; productRef = 18B5C23E2AC2F9D600E1BAE0 /* FirebaseFirestore */; };
		18B5C2412AC2F9D600E1BAE0 /* FirebaseFirestoreCombine-Community in Frameworks */ = {isa = PBXBuildFile; productRef = 18B5C2402AC2F9D600E1BAE0 /* FirebaseFirestoreCombine-Community */; };
		18B5C2432AC2F9D600E1BAE0 /* FirebaseFirestoreSwift in Frameworks */ = {isa = PBXBuildFile; productRef = 18B5C2422AC2F9D600E1BAE0 /* FirebaseFirestoreSwift */; };
		18B5C2452AC2F9D600E1BAE0 /* FirebaseFunctions in Frameworks */ = {isa = PBXBuildFile; productRef = 18B5C2442AC2F9D600E1BAE0 /* FirebaseFunctions */; };
		18B5C2472AC2F9D600E1BAE0 /* FirebaseFunctionsCombine-Community in Frameworks */ = {isa = PBXBuildFile; productRef = 18B5C2462AC2F9D600E1BAE0 /* FirebaseFunctionsCombine-Community */; };
		18B5C2492AC2F9D600E1BAE0 /* FirebaseInAppMessaging-Beta in Frameworks */ = {isa = PBXBuildFile; productRef = 18B5C2482AC2F9D600E1BAE0 /* FirebaseInAppMessaging-Beta */; };
		18B5C24B2AC2F9D600E1BAE0 /* FirebaseInAppMessagingSwift-Beta in Frameworks */ = {isa = PBXBuildFile; productRef = 18B5C24A2AC2F9D600E1BAE0 /* FirebaseInAppMessagingSwift-Beta */; };
		18B5C24D2AC2F9D600E1BAE0 /* FirebaseInstallations in Frameworks */ = {isa = PBXBuildFile; productRef = 18B5C24C2AC2F9D600E1BAE0 /* FirebaseInstallations */; };
		18B5C24F2AC2F9D600E1BAE0 /* FirebaseMLModelDownloader in Frameworks */ = {isa = PBXBuildFile; productRef = 18B5C24E2AC2F9D600E1BAE0 /* FirebaseMLModelDownloader */; };
		18B5C2512AC2F9D600E1BAE0 /* FirebaseMessaging in Frameworks */ = {isa = PBXBuildFile; productRef = 18B5C2502AC2F9D600E1BAE0 /* FirebaseMessaging */; };
		18B5C2532AC2F9D600E1BAE0 /* FirebasePerformance in Frameworks */ = {isa = PBXBuildFile; productRef = 18B5C2522AC2F9D600E1BAE0 /* FirebasePerformance */; };
		18B5C2552AC2F9D600E1BAE0 /* FirebaseRemoteConfig in Frameworks */ = {isa = PBXBuildFile; productRef = 18B5C2542AC2F9D600E1BAE0 /* FirebaseRemoteConfig */; };
		18B5C2572AC2F9D600E1BAE0 /* FirebaseRemoteConfigSwift in Frameworks */ = {isa = PBXBuildFile; productRef = 18B5C2562AC2F9D600E1BAE0 /* FirebaseRemoteConfigSwift */; };
		18B5C2592AC2F9D600E1BAE0 /* FirebaseStorage in Frameworks */ = {isa = PBXBuildFile; productRef = 18B5C2582AC2F9D600E1BAE0 /* FirebaseStorage */; };
		18B5C25B2AC2F9D600E1BAE0 /* FirebaseStorageCombine-Community in Frameworks */ = {isa = PBXBuildFile; productRef = 18B5C25A2AC2F9D600E1BAE0 /* FirebaseStorageCombine-Community */; };
		18B5C25D2AC35FEA00E1BAE0 /* GoogleService-Info.plist in Resources */ = {isa = PBXBuildFile; fileRef = 18B5C25C2AC35FEA00E1BAE0 /* GoogleService-Info.plist */; };
		18B5C2712AC3711200E1BAE0 /* User.swift in Sources */ = {isa = PBXBuildFile; fileRef = 18B5C2702AC3711200E1BAE0 /* User.swift */; };
		18B5C2732AC3712100E1BAE0 /* BlogPost.swift in Sources */ = {isa = PBXBuildFile; fileRef = 18B5C2722AC3712100E1BAE0 /* BlogPost.swift */; };
		18B5C2762AC448B700E1BAE0 /* PayWallViewController.swift in Sources */ = {isa = PBXBuildFile; fileRef = 18B5C2752AC448B700E1BAE0 /* PayWallViewController.swift */; };
		18B5C2782AC4543C00E1BAE0 /* PayWallHeaderView.swift in Sources */ = {isa = PBXBuildFile; fileRef = 18B5C2772AC4543C00E1BAE0 /* PayWallHeaderView.swift */; };
		18B5C27A2AC456C600E1BAE0 /* Extensions.swift in Sources */ = {isa = PBXBuildFile; fileRef = 18B5C2792AC456C600E1BAE0 /* Extensions.swift */; };
		18B5C27C2AC6EC4E00E1BAE0 /* PayWallDescriptionVIew.swift in Sources */ = {isa = PBXBuildFile; fileRef = 18B5C27B2AC6EC4E00E1BAE0 /* PayWallDescriptionVIew.swift */; };
		18B5C27E2AD7054E00E1BAE0 /* SignInHeaderView.swift in Sources */ = {isa = PBXBuildFile; fileRef = 18B5C27D2AD7054E00E1BAE0 /* SignInHeaderView.swift */; };
/* End PBXBuildFile section */

/* Begin PBXFileReference section */
		183053C02B5180090087AF7C /* PostPreviewTableViewCell.swift */ = {isa = PBXFileReference; lastKnownFileType = sourcecode.swift; path = PostPreviewTableViewCell.swift; sourceTree = "<group>"; };
		183053C22B51802F0087AF7C /* PostHeaderTableViewCell.swift */ = {isa = PBXFileReference; lastKnownFileType = sourcecode.swift; path = PostHeaderTableViewCell.swift; sourceTree = "<group>"; };
		18B5C1F22AC20B2F00E1BAE0 /* Travel Journey.app */ = {isa = PBXFileReference; explicitFileType = wrapper.application; includeInIndex = 0; path = "Travel Journey.app"; sourceTree = BUILT_PRODUCTS_DIR; };
		18B5C1F52AC20B2F00E1BAE0 /* AppDelegate.swift */ = {isa = PBXFileReference; lastKnownFileType = sourcecode.swift; path = AppDelegate.swift; sourceTree = "<group>"; };
		18B5C1F72AC20B2F00E1BAE0 /* SceneDelegate.swift */ = {isa = PBXFileReference; lastKnownFileType = sourcecode.swift; path = SceneDelegate.swift; sourceTree = "<group>"; };
		18B5C1F92AC20B2F00E1BAE0 /* HomeViewController.swift */ = {isa = PBXFileReference; lastKnownFileType = sourcecode.swift; path = HomeViewController.swift; sourceTree = "<group>"; };
		18B5C1FE2AC20B3100E1BAE0 /* Assets.xcassets */ = {isa = PBXFileReference; lastKnownFileType = folder.assetcatalog; path = Assets.xcassets; sourceTree = "<group>"; };
		18B5C2012AC20B3100E1BAE0 /* Base */ = {isa = PBXFileReference; lastKnownFileType = file.storyboard; name = Base; path = Base.lproj/LaunchScreen.storyboard; sourceTree = "<group>"; };
		18B5C2032AC20B3100E1BAE0 /* Info.plist */ = {isa = PBXFileReference; lastKnownFileType = text.plist.xml; path = Info.plist; sourceTree = "<group>"; };
		18B5C20C2AC20DD400E1BAE0 /* ProfileViewController.swift */ = {isa = PBXFileReference; lastKnownFileType = sourcecode.swift; path = ProfileViewController.swift; sourceTree = "<group>"; };
		18B5C20E2AC20E2D00E1BAE0 /* TabBarViewController.swift */ = {isa = PBXFileReference; lastKnownFileType = sourcecode.swift; path = TabBarViewController.swift; sourceTree = "<group>"; };
		18B5C2112AC20E7400E1BAE0 /* IAPManager.swift */ = {isa = PBXFileReference; lastKnownFileType = sourcecode.swift; path = IAPManager.swift; sourceTree = "<group>"; };
		18B5C2132AC20E8A00E1BAE0 /* DatabaseManager.swift */ = {isa = PBXFileReference; lastKnownFileType = sourcecode.swift; path = DatabaseManager.swift; sourceTree = "<group>"; };
		18B5C2152AC20E9C00E1BAE0 /* AuthManager.swift */ = {isa = PBXFileReference; lastKnownFileType = sourcecode.swift; path = AuthManager.swift; sourceTree = "<group>"; };
		18B5C2172AC20EAE00E1BAE0 /* StorageManager.swift */ = {isa = PBXFileReference; lastKnownFileType = sourcecode.swift; path = StorageManager.swift; sourceTree = "<group>"; };
		18B5C21A2AC20F0D00E1BAE0 /* SignInViewController.swift */ = {isa = PBXFileReference; lastKnownFileType = sourcecode.swift; path = SignInViewController.swift; sourceTree = "<group>"; };
		18B5C21D2AC20F3100E1BAE0 /* SignUpViewController.swift */ = {isa = PBXFileReference; lastKnownFileType = sourcecode.swift; path = SignUpViewController.swift; sourceTree = "<group>"; };
		18B5C2202AC20F5C00E1BAE0 /* ViewPostViewController.swift */ = {isa = PBXFileReference; lastKnownFileType = sourcecode.swift; path = ViewPostViewController.swift; sourceTree = "<group>"; };
		18B5C2222AC20F6E00E1BAE0 /* CreateNewPostViewController.swift */ = {isa = PBXFileReference; lastKnownFileType = sourcecode.swift; path = CreateNewPostViewController.swift; sourceTree = "<group>"; };
		18B5C25C2AC35FEA00E1BAE0 /* GoogleService-Info.plist */ = {isa = PBXFileReference; fileEncoding = 4; lastKnownFileType = text.plist.xml; path = "GoogleService-Info.plist"; sourceTree = "<group>"; };
		18B5C2702AC3711200E1BAE0 /* User.swift */ = {isa = PBXFileReference; lastKnownFileType = sourcecode.swift; path = User.swift; sourceTree = "<group>"; };
		18B5C2722AC3712100E1BAE0 /* BlogPost.swift */ = {isa = PBXFileReference; lastKnownFileType = sourcecode.swift; path = BlogPost.swift; sourceTree = "<group>"; };
		18B5C2752AC448B700E1BAE0 /* PayWallViewController.swift */ = {isa = PBXFileReference; lastKnownFileType = sourcecode.swift; path = PayWallViewController.swift; sourceTree = "<group>"; };
		18B5C2772AC4543C00E1BAE0 /* PayWallHeaderView.swift */ = {isa = PBXFileReference; lastKnownFileType = sourcecode.swift; path = PayWallHeaderView.swift; sourceTree = "<group>"; };
		18B5C2792AC456C600E1BAE0 /* Extensions.swift */ = {isa = PBXFileReference; lastKnownFileType = sourcecode.swift; path = Extensions.swift; sourceTree = "<group>"; };
		18B5C27B2AC6EC4E00E1BAE0 /* PayWallDescriptionVIew.swift */ = {isa = PBXFileReference; lastKnownFileType = sourcecode.swift; path = PayWallDescriptionVIew.swift; sourceTree = "<group>"; };
		18B5C27D2AD7054E00E1BAE0 /* SignInHeaderView.swift */ = {isa = PBXFileReference; lastKnownFileType = sourcecode.swift; path = SignInHeaderView.swift; sourceTree = "<group>"; };
/* End PBXFileReference section */

/* Begin PBXFrameworksBuildPhase section */
		18B5C1EF2AC20B2F00E1BAE0 /* Frameworks */ = {
			isa = PBXFrameworksBuildPhase;
			buildActionMask = 2147483647;
			files = (
				18B5C2392AC2F9D600E1BAE0 /* FirebaseDatabase in Frameworks */,
				18B5C2472AC2F9D600E1BAE0 /* FirebaseFunctionsCombine-Community in Frameworks */,
				18B5C23F2AC2F9D600E1BAE0 /* FirebaseFirestore in Frameworks */,
				18B5C22B2AC2F9D600E1BAE0 /* FirebaseAnalyticsSwift in Frameworks */,
				18B5C2272AC2F9D600E1BAE0 /* FirebaseAnalytics in Frameworks */,
				18B5C2292AC2F9D600E1BAE0 /* FirebaseAnalyticsOnDeviceConversion in Frameworks */,
				18B5C24F2AC2F9D600E1BAE0 /* FirebaseMLModelDownloader in Frameworks */,
				18B5C2432AC2F9D600E1BAE0 /* FirebaseFirestoreSwift in Frameworks */,
				18B5C22F2AC2F9D600E1BAE0 /* FirebaseAppCheck in Frameworks */,
				18B5C22D2AC2F9D600E1BAE0 /* FirebaseAnalyticsWithoutAdIdSupport in Frameworks */,
				18B5C2332AC2F9D600E1BAE0 /* FirebaseAuth in Frameworks */,
				18B5C2372AC2F9D600E1BAE0 /* FirebaseCrashlytics in Frameworks */,
				18B5C2572AC2F9D600E1BAE0 /* FirebaseRemoteConfigSwift in Frameworks */,
				183B6F2E2B502D7B004586FC /* FirebaseAnalyticsOnDeviceConversion in Frameworks */,
				18B5C2492AC2F9D600E1BAE0 /* FirebaseInAppMessaging-Beta in Frameworks */,
				183B6F2C2B502D7B004586FC /* FirebaseAnalytics in Frameworks */,
				183B6F342B502D7B004586FC /* FirebaseAppCheck in Frameworks */,
				183B6F322B502D7B004586FC /* FirebaseAnalyticsWithoutAdIdSupport in Frameworks */,
				18B5C23B2AC2F9D600E1BAE0 /* FirebaseDatabaseSwift in Frameworks */,
				18B5C2452AC2F9D600E1BAE0 /* FirebaseFunctions in Frameworks */,
				18B5C25B2AC2F9D600E1BAE0 /* FirebaseStorageCombine-Community in Frameworks */,
				18B5C2552AC2F9D600E1BAE0 /* FirebaseRemoteConfig in Frameworks */,
				18B5C2312AC2F9D600E1BAE0 /* FirebaseAppDistribution-Beta in Frameworks */,
				18B5C2352AC2F9D600E1BAE0 /* FirebaseAuthCombine-Community in Frameworks */,
				18B5C2532AC2F9D600E1BAE0 /* FirebasePerformance in Frameworks */,
				18B5C24B2AC2F9D600E1BAE0 /* FirebaseInAppMessagingSwift-Beta in Frameworks */,
				183B6F302B502D7B004586FC /* FirebaseAnalyticsSwift in Frameworks */,
				18B5C2592AC2F9D600E1BAE0 /* FirebaseStorage in Frameworks */,
				18B5C23D2AC2F9D600E1BAE0 /* FirebaseDynamicLinks in Frameworks */,
				18B5C2412AC2F9D600E1BAE0 /* FirebaseFirestoreCombine-Community in Frameworks */,
				18B5C2512AC2F9D600E1BAE0 /* FirebaseMessaging in Frameworks */,
				18B5C24D2AC2F9D600E1BAE0 /* FirebaseInstallations in Frameworks */,
			);
			runOnlyForDeploymentPostprocessing = 0;
		};
/* End PBXFrameworksBuildPhase section */

/* Begin PBXGroup section */
		183053BF2B517F920087AF7C /* Cells */ = {
			isa = PBXGroup;
			children = (
				183053C02B5180090087AF7C /* PostPreviewTableViewCell.swift */,
				183053C22B51802F0087AF7C /* PostHeaderTableViewCell.swift */,
			);
			path = Cells;
			sourceTree = "<group>";
		};
		18B5C1E92AC20B2F00E1BAE0 = {
			isa = PBXGroup;
			children = (
				18B5C1F42AC20B2F00E1BAE0 /* Travel Journey */,
				18B5C1F32AC20B2F00E1BAE0 /* Products */,
			);
			sourceTree = "<group>";
		};
		18B5C1F32AC20B2F00E1BAE0 /* Products */ = {
			isa = PBXGroup;
			children = (
				18B5C1F22AC20B2F00E1BAE0 /* Travel Journey.app */,
			);
			name = Products;
			sourceTree = "<group>";
		};
		18B5C1F42AC20B2F00E1BAE0 /* Travel Journey */ = {
			isa = PBXGroup;
			children = (
				18B5C20A2AC20D9200E1BAE0 /* Controllers */,
				18B5C2242AC20F8200E1BAE0 /* Models */,
				18B5C2192AC20ECB00E1BAE0 /* Views */,
				18B5C2092AC20D7500E1BAE0 /* Others */,
				18B5C2102AC20E3C00E1BAE0 /* Managers */,
				18B5C2032AC20B3100E1BAE0 /* Info.plist */,
			);
			path = "Travel Journey";
			sourceTree = "<group>";
		};
		18B5C2092AC20D7500E1BAE0 /* Others */ = {
			isa = PBXGroup;
			children = (
				18B5C1FE2AC20B3100E1BAE0 /* Assets.xcassets */,
				18B5C25C2AC35FEA00E1BAE0 /* GoogleService-Info.plist */,
				18B5C1F52AC20B2F00E1BAE0 /* AppDelegate.swift */,
				18B5C1F72AC20B2F00E1BAE0 /* SceneDelegate.swift */,
				18B5C2792AC456C600E1BAE0 /* Extensions.swift */,
			);
			path = Others;
			sourceTree = "<group>";
		};
		18B5C20A2AC20D9200E1BAE0 /* Controllers */ = {
			isa = PBXGroup;
			children = (
				18B5C2742AC4487300E1BAE0 /* Other */,
				18B5C21C2AC20F1700E1BAE0 /* Auth */,
				18B5C20B2AC20DAB00E1BAE0 /* Core tabs */,
				18B5C21F2AC20F3B00E1BAE0 /* Posts */,
			);
			path = Controllers;
			sourceTree = "<group>";
		};
		18B5C20B2AC20DAB00E1BAE0 /* Core tabs */ = {
			isa = PBXGroup;
			children = (
				18B5C1F92AC20B2F00E1BAE0 /* HomeViewController.swift */,
				18B5C20C2AC20DD400E1BAE0 /* ProfileViewController.swift */,
				18B5C20E2AC20E2D00E1BAE0 /* TabBarViewController.swift */,
			);
			path = "Core tabs";
			sourceTree = "<group>";
		};
		18B5C2102AC20E3C00E1BAE0 /* Managers */ = {
			isa = PBXGroup;
			children = (
				18B5C2112AC20E7400E1BAE0 /* IAPManager.swift */,
				18B5C2132AC20E8A00E1BAE0 /* DatabaseManager.swift */,
				18B5C2152AC20E9C00E1BAE0 /* AuthManager.swift */,
				18B5C2172AC20EAE00E1BAE0 /* StorageManager.swift */,
			);
			path = Managers;
			sourceTree = "<group>";
		};
		18B5C2192AC20ECB00E1BAE0 /* Views */ = {
			isa = PBXGroup;
			children = (
				183053BF2B517F920087AF7C /* Cells */,
				18B5C2002AC20B3100E1BAE0 /* LaunchScreen.storyboard */,
				18B5C2772AC4543C00E1BAE0 /* PayWallHeaderView.swift */,
				18B5C27B2AC6EC4E00E1BAE0 /* PayWallDescriptionVIew.swift */,
				18B5C27D2AD7054E00E1BAE0 /* SignInHeaderView.swift */,
			);
			path = Views;
			sourceTree = "<group>";
		};
		18B5C21C2AC20F1700E1BAE0 /* Auth */ = {
			isa = PBXGroup;
			children = (
				18B5C21A2AC20F0D00E1BAE0 /* SignInViewController.swift */,
				18B5C21D2AC20F3100E1BAE0 /* SignUpViewController.swift */,
			);
			path = Auth;
			sourceTree = "<group>";
		};
		18B5C21F2AC20F3B00E1BAE0 /* Posts */ = {
			isa = PBXGroup;
			children = (
				18B5C2202AC20F5C00E1BAE0 /* ViewPostViewController.swift */,
				18B5C2222AC20F6E00E1BAE0 /* CreateNewPostViewController.swift */,
			);
			path = Posts;
			sourceTree = "<group>";
		};
		18B5C2242AC20F8200E1BAE0 /* Models */ = {
			isa = PBXGroup;
			children = (
				18B5C2702AC3711200E1BAE0 /* User.swift */,
				18B5C2722AC3712100E1BAE0 /* BlogPost.swift */,
			);
			path = Models;
			sourceTree = "<group>";
		};
		18B5C2742AC4487300E1BAE0 /* Other */ = {
			isa = PBXGroup;
			children = (
				18B5C2752AC448B700E1BAE0 /* PayWallViewController.swift */,
			);
			path = Other;
			sourceTree = "<group>";
		};
/* End PBXGroup section */

/* Begin PBXNativeTarget section */
		18B5C1F12AC20B2F00E1BAE0 /* Travel Journey */ = {
			isa = PBXNativeTarget;
			buildConfigurationList = 18B5C2062AC20B3100E1BAE0 /* Build configuration list for PBXNativeTarget "Travel Journey" */;
			buildPhases = (
				18B5C1EE2AC20B2F00E1BAE0 /* Sources */,
				18B5C1EF2AC20B2F00E1BAE0 /* Frameworks */,
				18B5C1F02AC20B2F00E1BAE0 /* Resources */,
			);
			buildRules = (
			);
			dependencies = (
			);
			name = "Travel Journey";
			packageProductDependencies = (
				18B5C2262AC2F9D600E1BAE0 /* FirebaseAnalytics */,
				18B5C2282AC2F9D600E1BAE0 /* FirebaseAnalyticsOnDeviceConversion */,
				18B5C22A2AC2F9D600E1BAE0 /* FirebaseAnalyticsSwift */,
				18B5C22C2AC2F9D600E1BAE0 /* FirebaseAnalyticsWithoutAdIdSupport */,
				18B5C22E2AC2F9D600E1BAE0 /* FirebaseAppCheck */,
				18B5C2302AC2F9D600E1BAE0 /* FirebaseAppDistribution-Beta */,
				18B5C2322AC2F9D600E1BAE0 /* FirebaseAuth */,
				18B5C2342AC2F9D600E1BAE0 /* FirebaseAuthCombine-Community */,
				18B5C2362AC2F9D600E1BAE0 /* FirebaseCrashlytics */,
				18B5C2382AC2F9D600E1BAE0 /* FirebaseDatabase */,
				18B5C23A2AC2F9D600E1BAE0 /* FirebaseDatabaseSwift */,
				18B5C23C2AC2F9D600E1BAE0 /* FirebaseDynamicLinks */,
				18B5C23E2AC2F9D600E1BAE0 /* FirebaseFirestore */,
				18B5C2402AC2F9D600E1BAE0 /* FirebaseFirestoreCombine-Community */,
				18B5C2422AC2F9D600E1BAE0 /* FirebaseFirestoreSwift */,
				18B5C2442AC2F9D600E1BAE0 /* FirebaseFunctions */,
				18B5C2462AC2F9D600E1BAE0 /* FirebaseFunctionsCombine-Community */,
				18B5C2482AC2F9D600E1BAE0 /* FirebaseInAppMessaging-Beta */,
				18B5C24A2AC2F9D600E1BAE0 /* FirebaseInAppMessagingSwift-Beta */,
				18B5C24C2AC2F9D600E1BAE0 /* FirebaseInstallations */,
				18B5C24E2AC2F9D600E1BAE0 /* FirebaseMLModelDownloader */,
				18B5C2502AC2F9D600E1BAE0 /* FirebaseMessaging */,
				18B5C2522AC2F9D600E1BAE0 /* FirebasePerformance */,
				18B5C2542AC2F9D600E1BAE0 /* FirebaseRemoteConfig */,
				18B5C2562AC2F9D600E1BAE0 /* FirebaseRemoteConfigSwift */,
				18B5C2582AC2F9D600E1BAE0 /* FirebaseStorage */,
				18B5C25A2AC2F9D600E1BAE0 /* FirebaseStorageCombine-Community */,
				183B6F2B2B502D7B004586FC /* FirebaseAnalytics */,
				183B6F2D2B502D7B004586FC /* FirebaseAnalyticsOnDeviceConversion */,
				183B6F2F2B502D7B004586FC /* FirebaseAnalyticsSwift */,
				183B6F312B502D7B004586FC /* FirebaseAnalyticsWithoutAdIdSupport */,
				183B6F332B502D7B004586FC /* FirebaseAppCheck */,
			);
			productName = "Travel Journey";
			productReference = 18B5C1F22AC20B2F00E1BAE0 /* Travel Journey.app */;
			productType = "com.apple.product-type.application";
		};
/* End PBXNativeTarget section */

/* Begin PBXProject section */
		18B5C1EA2AC20B2F00E1BAE0 /* Project object */ = {
			isa = PBXProject;
			attributes = {
				BuildIndependentTargetsInParallel = 1;
				LastSwiftUpdateCheck = 1500;
				LastUpgradeCheck = 1500;
				TargetAttributes = {
					18B5C1F12AC20B2F00E1BAE0 = {
						CreatedOnToolsVersion = 15.0;
					};
				};
			};
			buildConfigurationList = 18B5C1ED2AC20B2F00E1BAE0 /* Build configuration list for PBXProject "Travel Journey" */;
			compatibilityVersion = "Xcode 14.0";
			developmentRegion = en;
			hasScannedForEncodings = 0;
			knownRegions = (
				en,
				Base,
			);
			mainGroup = 18B5C1E92AC20B2F00E1BAE0;
			packageReferences = (
				18B5C2252AC2F9D600E1BAE0 /* XCRemoteSwiftPackageReference "firebase-ios-sdk" */,
			);
			productRefGroup = 18B5C1F32AC20B2F00E1BAE0 /* Products */;
			projectDirPath = "";
			projectRoot = "";
			targets = (
				18B5C1F12AC20B2F00E1BAE0 /* Travel Journey */,
			);
		};
/* End PBXProject section */

/* Begin PBXResourcesBuildPhase section */
		18B5C1F02AC20B2F00E1BAE0 /* Resources */ = {
			isa = PBXResourcesBuildPhase;
			buildActionMask = 2147483647;
			files = (
				18B5C2022AC20B3100E1BAE0 /* LaunchScreen.storyboard in Resources */,
				18B5C1FF2AC20B3100E1BAE0 /* Assets.xcassets in Resources */,
				18B5C25D2AC35FEA00E1BAE0 /* GoogleService-Info.plist in Resources */,
			);
			runOnlyForDeploymentPostprocessing = 0;
		};
/* End PBXResourcesBuildPhase section */

/* Begin PBXSourcesBuildPhase section */
		18B5C1EE2AC20B2F00E1BAE0 /* Sources */ = {
			isa = PBXSourcesBuildPhase;
			buildActionMask = 2147483647;
			files = (
				18B5C2732AC3712100E1BAE0 /* BlogPost.swift in Sources */,
				18B5C27A2AC456C600E1BAE0 /* Extensions.swift in Sources */,
				18B5C21E2AC20F3100E1BAE0 /* SignUpViewController.swift in Sources */,
				18B5C2122AC20E7400E1BAE0 /* IAPManager.swift in Sources */,
				18B5C2162AC20E9C00E1BAE0 /* AuthManager.swift in Sources */,
				18B5C1FA2AC20B2F00E1BAE0 /* HomeViewController.swift in Sources */,
				18B5C2782AC4543C00E1BAE0 /* PayWallHeaderView.swift in Sources */,
				18B5C2182AC20EAE00E1BAE0 /* StorageManager.swift in Sources */,
				183053C32B51802F0087AF7C /* PostHeaderTableViewCell.swift in Sources */,
				18B5C1F62AC20B2F00E1BAE0 /* AppDelegate.swift in Sources */,
				18B5C27E2AD7054E00E1BAE0 /* SignInHeaderView.swift in Sources */,
				18B5C2712AC3711200E1BAE0 /* User.swift in Sources */,
				18B5C20D2AC20DD400E1BAE0 /* ProfileViewController.swift in Sources */,
				183053C12B5180090087AF7C /* PostPreviewTableViewCell.swift in Sources */,
				18B5C2232AC20F6E00E1BAE0 /* CreateNewPostViewController.swift in Sources */,
				18B5C20F2AC20E2D00E1BAE0 /* TabBarViewController.swift in Sources */,
				18B5C1F82AC20B2F00E1BAE0 /* SceneDelegate.swift in Sources */,
				18B5C21B2AC20F0D00E1BAE0 /* SignInViewController.swift in Sources */,
				18B5C2142AC20E8A00E1BAE0 /* DatabaseManager.swift in Sources */,
				18B5C2212AC20F5C00E1BAE0 /* ViewPostViewController.swift in Sources */,
				18B5C2762AC448B700E1BAE0 /* PayWallViewController.swift in Sources */,
				18B5C27C2AC6EC4E00E1BAE0 /* PayWallDescriptionVIew.swift in Sources */,
			);
			runOnlyForDeploymentPostprocessing = 0;
		};
/* End PBXSourcesBuildPhase section */

/* Begin PBXVariantGroup section */
		18B5C2002AC20B3100E1BAE0 /* LaunchScreen.storyboard */ = {
			isa = PBXVariantGroup;
			children = (
				18B5C2012AC20B3100E1BAE0 /* Base */,
			);
			name = LaunchScreen.storyboard;
			sourceTree = "<group>";
		};
/* End PBXVariantGroup section */

/* Begin XCBuildConfiguration section */
		18B5C2042AC20B3100E1BAE0 /* Debug */ = {
			isa = XCBuildConfiguration;
			buildSettings = {
				ALWAYS_SEARCH_USER_PATHS = NO;
				ASSETCATALOG_COMPILER_GENERATE_SWIFT_ASSET_SYMBOL_EXTENSIONS = YES;
				CLANG_ANALYZER_NONNULL = YES;
				CLANG_ANALYZER_NUMBER_OBJECT_CONVERSION = YES_AGGRESSIVE;
				CLANG_CXX_LANGUAGE_STANDARD = "gnu++20";
				CLANG_ENABLE_MODULES = YES;
				CLANG_ENABLE_OBJC_ARC = YES;
				CLANG_ENABLE_OBJC_WEAK = YES;
				CLANG_WARN_BLOCK_CAPTURE_AUTORELEASING = YES;
				CLANG_WARN_BOOL_CONVERSION = YES;
				CLANG_WARN_COMMA = YES;
				CLANG_WARN_CONSTANT_CONVERSION = YES;
				CLANG_WARN_DEPRECATED_OBJC_IMPLEMENTATIONS = YES;
				CLANG_WARN_DIRECT_OBJC_ISA_USAGE = YES_ERROR;
				CLANG_WARN_DOCUMENTATION_COMMENTS = YES;
				CLANG_WARN_EMPTY_BODY = YES;
				CLANG_WARN_ENUM_CONVERSION = YES;
				CLANG_WARN_INFINITE_RECURSION = YES;
				CLANG_WARN_INT_CONVERSION = YES;
				CLANG_WARN_NON_LITERAL_NULL_CONVERSION = YES;
				CLANG_WARN_OBJC_IMPLICIT_RETAIN_SELF = YES;
				CLANG_WARN_OBJC_LITERAL_CONVERSION = YES;
				CLANG_WARN_OBJC_ROOT_CLASS = YES_ERROR;
				CLANG_WARN_QUOTED_INCLUDE_IN_FRAMEWORK_HEADER = YES;
				CLANG_WARN_RANGE_LOOP_ANALYSIS = YES;
				CLANG_WARN_STRICT_PROTOTYPES = YES;
				CLANG_WARN_SUSPICIOUS_MOVE = YES;
				CLANG_WARN_UNGUARDED_AVAILABILITY = YES_AGGRESSIVE;
				CLANG_WARN_UNREACHABLE_CODE = YES;
				CLANG_WARN__DUPLICATE_METHOD_MATCH = YES;
				COPY_PHASE_STRIP = NO;
				DEBUG_INFORMATION_FORMAT = dwarf;
				ENABLE_STRICT_OBJC_MSGSEND = YES;
				ENABLE_TESTABILITY = YES;
				ENABLE_USER_SCRIPT_SANDBOXING = YES;
				GCC_C_LANGUAGE_STANDARD = gnu17;
				GCC_DYNAMIC_NO_PIC = NO;
				GCC_NO_COMMON_BLOCKS = YES;
				GCC_OPTIMIZATION_LEVEL = 0;
				GCC_PREPROCESSOR_DEFINITIONS = (
					"DEBUG=1",
					"$(inherited)",
				);
				GCC_WARN_64_TO_32_BIT_CONVERSION = YES;
				GCC_WARN_ABOUT_RETURN_TYPE = YES_ERROR;
				GCC_WARN_UNDECLARED_SELECTOR = YES;
				GCC_WARN_UNINITIALIZED_AUTOS = YES_AGGRESSIVE;
				GCC_WARN_UNUSED_FUNCTION = YES;
				GCC_WARN_UNUSED_VARIABLE = YES;
				IPHONEOS_DEPLOYMENT_TARGET = 13.6;
				LOCALIZATION_PREFERS_STRING_CATALOGS = YES;
				MTL_ENABLE_DEBUG_INFO = INCLUDE_SOURCE;
				MTL_FAST_MATH = YES;
				ONLY_ACTIVE_ARCH = YES;
				SDKROOT = iphoneos;
				SWIFT_ACTIVE_COMPILATION_CONDITIONS = "DEBUG $(inherited)";
				SWIFT_OPTIMIZATION_LEVEL = "-Onone";
			};
			name = Debug;
		};
		18B5C2052AC20B3100E1BAE0 /* Release */ = {
			isa = XCBuildConfiguration;
			buildSettings = {
				ALWAYS_SEARCH_USER_PATHS = NO;
				ASSETCATALOG_COMPILER_GENERATE_SWIFT_ASSET_SYMBOL_EXTENSIONS = YES;
				CLANG_ANALYZER_NONNULL = YES;
				CLANG_ANALYZER_NUMBER_OBJECT_CONVERSION = YES_AGGRESSIVE;
				CLANG_CXX_LANGUAGE_STANDARD = "gnu++20";
				CLANG_ENABLE_MODULES = YES;
				CLANG_ENABLE_OBJC_ARC = YES;
				CLANG_ENABLE_OBJC_WEAK = YES;
				CLANG_WARN_BLOCK_CAPTURE_AUTORELEASING = YES;
				CLANG_WARN_BOOL_CONVERSION = YES;
				CLANG_WARN_COMMA = YES;
				CLANG_WARN_CONSTANT_CONVERSION = YES;
				CLANG_WARN_DEPRECATED_OBJC_IMPLEMENTATIONS = YES;
				CLANG_WARN_DIRECT_OBJC_ISA_USAGE = YES_ERROR;
				CLANG_WARN_DOCUMENTATION_COMMENTS = YES;
				CLANG_WARN_EMPTY_BODY = YES;
				CLANG_WARN_ENUM_CONVERSION = YES;
				CLANG_WARN_INFINITE_RECURSION = YES;
				CLANG_WARN_INT_CONVERSION = YES;
				CLANG_WARN_NON_LITERAL_NULL_CONVERSION = YES;
				CLANG_WARN_OBJC_IMPLICIT_RETAIN_SELF = YES;
				CLANG_WARN_OBJC_LITERAL_CONVERSION = YES;
				CLANG_WARN_OBJC_ROOT_CLASS = YES_ERROR;
				CLANG_WARN_QUOTED_INCLUDE_IN_FRAMEWORK_HEADER = YES;
				CLANG_WARN_RANGE_LOOP_ANALYSIS = YES;
				CLANG_WARN_STRICT_PROTOTYPES = YES;
				CLANG_WARN_SUSPICIOUS_MOVE = YES;
				CLANG_WARN_UNGUARDED_AVAILABILITY = YES_AGGRESSIVE;
				CLANG_WARN_UNREACHABLE_CODE = YES;
				CLANG_WARN__DUPLICATE_METHOD_MATCH = YES;
				COPY_PHASE_STRIP = NO;
				DEBUG_INFORMATION_FORMAT = "dwarf-with-dsym";
				ENABLE_NS_ASSERTIONS = NO;
				ENABLE_STRICT_OBJC_MSGSEND = YES;
				ENABLE_USER_SCRIPT_SANDBOXING = YES;
				GCC_C_LANGUAGE_STANDARD = gnu17;
				GCC_NO_COMMON_BLOCKS = YES;
				GCC_WARN_64_TO_32_BIT_CONVERSION = YES;
				GCC_WARN_ABOUT_RETURN_TYPE = YES_ERROR;
				GCC_WARN_UNDECLARED_SELECTOR = YES;
				GCC_WARN_UNINITIALIZED_AUTOS = YES_AGGRESSIVE;
				GCC_WARN_UNUSED_FUNCTION = YES;
				GCC_WARN_UNUSED_VARIABLE = YES;
				IPHONEOS_DEPLOYMENT_TARGET = 13.6;
				LOCALIZATION_PREFERS_STRING_CATALOGS = YES;
				MTL_ENABLE_DEBUG_INFO = NO;
				MTL_FAST_MATH = YES;
				SDKROOT = iphoneos;
				SWIFT_COMPILATION_MODE = wholemodule;
				VALIDATE_PRODUCT = YES;
			};
			name = Release;
		};
		18B5C2072AC20B3100E1BAE0 /* Debug */ = {
			isa = XCBuildConfiguration;
			buildSettings = {
				ASSETCATALOG_COMPILER_APPICON_NAME = AppIcon;
				ASSETCATALOG_COMPILER_GLOBAL_ACCENT_COLOR_NAME = AccentColor;
				CODE_SIGN_STYLE = Manual;
				CURRENT_PROJECT_VERSION = 1;
				DEVELOPMENT_TEAM = "";
				GENERATE_INFOPLIST_FILE = YES;
				INFOPLIST_FILE = "Travel Journey/Info.plist";
				INFOPLIST_KEY_UIApplicationSupportsIndirectInputEvents = YES;
				INFOPLIST_KEY_UILaunchStoryboardName = LaunchScreen;
				INFOPLIST_KEY_UISupportedInterfaceOrientations = UIInterfaceOrientationPortrait;
				INFOPLIST_KEY_UISupportedInterfaceOrientations_iPad = "UIInterfaceOrientationLandscapeLeft UIInterfaceOrientationLandscapeRight UIInterfaceOrientationPortrait UIInterfaceOrientationPortraitUpsideDown";
				IPHONEOS_DEPLOYMENT_TARGET = 13.6;
				LD_RUNPATH_SEARCH_PATHS = (
					"$(inherited)",
					"@executable_path/Frameworks",
				);
				MARKETING_VERSION = 1.0;
				PRODUCT_BUNDLE_IDENTIFIER = "ruchira.sinha.Travel-Journey";
				PRODUCT_NAME = "$(TARGET_NAME)";
				PROVISIONING_PROFILE_SPECIFIER = "";
				SUPPORTED_PLATFORMS = "iphoneos iphonesimulator";
				SUPPORTS_MACCATALYST = NO;
				SUPPORTS_MAC_DESIGNED_FOR_IPHONE_IPAD = NO;
				SWIFT_EMIT_LOC_STRINGS = YES;
				SWIFT_VERSION = 5.0;
				TARGETED_DEVICE_FAMILY = 1;
			};
			name = Debug;
		};
		18B5C2082AC20B3100E1BAE0 /* Release */ = {
			isa = XCBuildConfiguration;
			buildSettings = {
				ASSETCATALOG_COMPILER_APPICON_NAME = AppIcon;
				ASSETCATALOG_COMPILER_GLOBAL_ACCENT_COLOR_NAME = AccentColor;
				CODE_SIGN_STYLE = Manual;
				CURRENT_PROJECT_VERSION = 1;
				DEVELOPMENT_TEAM = "";
				GENERATE_INFOPLIST_FILE = YES;
				INFOPLIST_FILE = "Travel Journey/Info.plist";
				INFOPLIST_KEY_UIApplicationSupportsIndirectInputEvents = YES;
				INFOPLIST_KEY_UILaunchStoryboardName = LaunchScreen;
				INFOPLIST_KEY_UISupportedInterfaceOrientations = UIInterfaceOrientationPortrait;
				INFOPLIST_KEY_UISupportedInterfaceOrientations_iPad = "UIInterfaceOrientationLandscapeLeft UIInterfaceOrientationLandscapeRight UIInterfaceOrientationPortrait UIInterfaceOrientationPortraitUpsideDown";
				IPHONEOS_DEPLOYMENT_TARGET = 13.6;
				LD_RUNPATH_SEARCH_PATHS = (
					"$(inherited)",
					"@executable_path/Frameworks",
				);
				MARKETING_VERSION = 1.0;
				PRODUCT_BUNDLE_IDENTIFIER = "ruchira.sinha.Travel-Journey";
				PRODUCT_NAME = "$(TARGET_NAME)";
				PROVISIONING_PROFILE_SPECIFIER = "";
				SUPPORTED_PLATFORMS = "iphoneos iphonesimulator";
				SUPPORTS_MACCATALYST = NO;
				SUPPORTS_MAC_DESIGNED_FOR_IPHONE_IPAD = NO;
				SWIFT_EMIT_LOC_STRINGS = YES;
				SWIFT_VERSION = 5.0;
				TARGETED_DEVICE_FAMILY = 1;
			};
			name = Release;
		};
/* End XCBuildConfiguration section */

/* Begin XCConfigurationList section */
		18B5C1ED2AC20B2F00E1BAE0 /* Build configuration list for PBXProject "Travel Journey" */ = {
			isa = XCConfigurationList;
			buildConfigurations = (
				18B5C2042AC20B3100E1BAE0 /* Debug */,
				18B5C2052AC20B3100E1BAE0 /* Release */,
			);
			defaultConfigurationIsVisible = 0;
			defaultConfigurationName = Release;
		};
		18B5C2062AC20B3100E1BAE0 /* Build configuration list for PBXNativeTarget "Travel Journey" */ = {
			isa = XCConfigurationList;
			buildConfigurations = (
				18B5C2072AC20B3100E1BAE0 /* Debug */,
				18B5C2082AC20B3100E1BAE0 /* Release */,
			);
			defaultConfigurationIsVisible = 0;
			defaultConfigurationName = Release;
		};
/* End XCConfigurationList section */

/* Begin XCRemoteSwiftPackageReference section */
		18B5C2252AC2F9D600E1BAE0 /* XCRemoteSwiftPackageReference "firebase-ios-sdk" */ = {
			isa = XCRemoteSwiftPackageReference;
			repositoryURL = "https://github.com/firebase/firebase-ios-sdk.git";
			requirement = {
				kind = upToNextMajorVersion;
				minimumVersion = 10.15.0;
			};
		};
/* End XCRemoteSwiftPackageReference section */

/* Begin XCSwiftPackageProductDependency section */
		183B6F2B2B502D7B004586FC /* FirebaseAnalytics */ = {
			isa = XCSwiftPackageProductDependency;
			package = 18B5C2252AC2F9D600E1BAE0 /* XCRemoteSwiftPackageReference "firebase-ios-sdk" */;
			productName = FirebaseAnalytics;
		};
		183B6F2D2B502D7B004586FC /* FirebaseAnalyticsOnDeviceConversion */ = {
			isa = XCSwiftPackageProductDependency;
			package = 18B5C2252AC2F9D600E1BAE0 /* XCRemoteSwiftPackageReference "firebase-ios-sdk" */;
			productName = FirebaseAnalyticsOnDeviceConversion;
		};
		183B6F2F2B502D7B004586FC /* FirebaseAnalyticsSwift */ = {
			isa = XCSwiftPackageProductDependency;
			package = 18B5C2252AC2F9D600E1BAE0 /* XCRemoteSwiftPackageReference "firebase-ios-sdk" */;
			productName = FirebaseAnalyticsSwift;
		};
		183B6F312B502D7B004586FC /* FirebaseAnalyticsWithoutAdIdSupport */ = {
			isa = XCSwiftPackageProductDependency;
			package = 18B5C2252AC2F9D600E1BAE0 /* XCRemoteSwiftPackageReference "firebase-ios-sdk" */;
			productName = FirebaseAnalyticsWithoutAdIdSupport;
		};
		183B6F332B502D7B004586FC /* FirebaseAppCheck */ = {
			isa = XCSwiftPackageProductDependency;
			package = 18B5C2252AC2F9D600E1BAE0 /* XCRemoteSwiftPackageReference "firebase-ios-sdk" */;
			productName = FirebaseAppCheck;
		};
		18B5C2262AC2F9D600E1BAE0 /* FirebaseAnalytics */ = {
			isa = XCSwiftPackageProductDependency;
			package = 18B5C2252AC2F9D600E1BAE0 /* XCRemoteSwiftPackageReference "firebase-ios-sdk" */;
			productName = FirebaseAnalytics;
		};
		18B5C2282AC2F9D600E1BAE0 /* FirebaseAnalyticsOnDeviceConversion */ = {
			isa = XCSwiftPackageProductDependency;
			package = 18B5C2252AC2F9D600E1BAE0 /* XCRemoteSwiftPackageReference "firebase-ios-sdk" */;
			productName = FirebaseAnalyticsOnDeviceConversion;
		};
		18B5C22A2AC2F9D600E1BAE0 /* FirebaseAnalyticsSwift */ = {
			isa = XCSwiftPackageProductDependency;
			package = 18B5C2252AC2F9D600E1BAE0 /* XCRemoteSwiftPackageReference "firebase-ios-sdk" */;
			productName = FirebaseAnalyticsSwift;
		};
		18B5C22C2AC2F9D600E1BAE0 /* FirebaseAnalyticsWithoutAdIdSupport */ = {
			isa = XCSwiftPackageProductDependency;
			package = 18B5C2252AC2F9D600E1BAE0 /* XCRemoteSwiftPackageReference "firebase-ios-sdk" */;
			productName = FirebaseAnalyticsWithoutAdIdSupport;
		};
		18B5C22E2AC2F9D600E1BAE0 /* FirebaseAppCheck */ = {
			isa = XCSwiftPackageProductDependency;
			package = 18B5C2252AC2F9D600E1BAE0 /* XCRemoteSwiftPackageReference "firebase-ios-sdk" */;
			productName = FirebaseAppCheck;
		};
		18B5C2302AC2F9D600E1BAE0 /* FirebaseAppDistribution-Beta */ = {
			isa = XCSwiftPackageProductDependency;
			package = 18B5C2252AC2F9D600E1BAE0 /* XCRemoteSwiftPackageReference "firebase-ios-sdk" */;
			productName = "FirebaseAppDistribution-Beta";
		};
		18B5C2322AC2F9D600E1BAE0 /* FirebaseAuth */ = {
			isa = XCSwiftPackageProductDependency;
			package = 18B5C2252AC2F9D600E1BAE0 /* XCRemoteSwiftPackageReference "firebase-ios-sdk" */;
			productName = FirebaseAuth;
		};
		18B5C2342AC2F9D600E1BAE0 /* FirebaseAuthCombine-Community */ = {
			isa = XCSwiftPackageProductDependency;
			package = 18B5C2252AC2F9D600E1BAE0 /* XCRemoteSwiftPackageReference "firebase-ios-sdk" */;
			productName = "FirebaseAuthCombine-Community";
		};
		18B5C2362AC2F9D600E1BAE0 /* FirebaseCrashlytics */ = {
			isa = XCSwiftPackageProductDependency;
			package = 18B5C2252AC2F9D600E1BAE0 /* XCRemoteSwiftPackageReference "firebase-ios-sdk" */;
			productName = FirebaseCrashlytics;
		};
		18B5C2382AC2F9D600E1BAE0 /* FirebaseDatabase */ = {
			isa = XCSwiftPackageProductDependency;
			package = 18B5C2252AC2F9D600E1BAE0 /* XCRemoteSwiftPackageReference "firebase-ios-sdk" */;
			productName = FirebaseDatabase;
		};
		18B5C23A2AC2F9D600E1BAE0 /* FirebaseDatabaseSwift */ = {
			isa = XCSwiftPackageProductDependency;
			package = 18B5C2252AC2F9D600E1BAE0 /* XCRemoteSwiftPackageReference "firebase-ios-sdk" */;
			productName = FirebaseDatabaseSwift;
		};
		18B5C23C2AC2F9D600E1BAE0 /* FirebaseDynamicLinks */ = {
			isa = XCSwiftPackageProductDependency;
			package = 18B5C2252AC2F9D600E1BAE0 /* XCRemoteSwiftPackageReference "firebase-ios-sdk" */;
			productName = FirebaseDynamicLinks;
		};
		18B5C23E2AC2F9D600E1BAE0 /* FirebaseFirestore */ = {
			isa = XCSwiftPackageProductDependency;
			package = 18B5C2252AC2F9D600E1BAE0 /* XCRemoteSwiftPackageReference "firebase-ios-sdk" */;
			productName = FirebaseFirestore;
		};
		18B5C2402AC2F9D600E1BAE0 /* FirebaseFirestoreCombine-Community */ = {
			isa = XCSwiftPackageProductDependency;
			package = 18B5C2252AC2F9D600E1BAE0 /* XCRemoteSwiftPackageReference "firebase-ios-sdk" */;
			productName = "FirebaseFirestoreCombine-Community";
		};
		18B5C2422AC2F9D600E1BAE0 /* FirebaseFirestoreSwift */ = {
			isa = XCSwiftPackageProductDependency;
			package = 18B5C2252AC2F9D600E1BAE0 /* XCRemoteSwiftPackageReference "firebase-ios-sdk" */;
			productName = FirebaseFirestoreSwift;
		};
		18B5C2442AC2F9D600E1BAE0 /* FirebaseFunctions */ = {
			isa = XCSwiftPackageProductDependency;
			package = 18B5C2252AC2F9D600E1BAE0 /* XCRemoteSwiftPackageReference "firebase-ios-sdk" */;
			productName = FirebaseFunctions;
		};
		18B5C2462AC2F9D600E1BAE0 /* FirebaseFunctionsCombine-Community */ = {
			isa = XCSwiftPackageProductDependency;
			package = 18B5C2252AC2F9D600E1BAE0 /* XCRemoteSwiftPackageReference "firebase-ios-sdk" */;
			productName = "FirebaseFunctionsCombine-Community";
		};
		18B5C2482AC2F9D600E1BAE0 /* FirebaseInAppMessaging-Beta */ = {
			isa = XCSwiftPackageProductDependency;
			package = 18B5C2252AC2F9D600E1BAE0 /* XCRemoteSwiftPackageReference "firebase-ios-sdk" */;
			productName = "FirebaseInAppMessaging-Beta";
		};
		18B5C24A2AC2F9D600E1BAE0 /* FirebaseInAppMessagingSwift-Beta */ = {
			isa = XCSwiftPackageProductDependency;
			package = 18B5C2252AC2F9D600E1BAE0 /* XCRemoteSwiftPackageReference "firebase-ios-sdk" */;
			productName = "FirebaseInAppMessagingSwift-Beta";
		};
		18B5C24C2AC2F9D600E1BAE0 /* FirebaseInstallations */ = {
			isa = XCSwiftPackageProductDependency;
			package = 18B5C2252AC2F9D600E1BAE0 /* XCRemoteSwiftPackageReference "firebase-ios-sdk" */;
			productName = FirebaseInstallations;
		};
		18B5C24E2AC2F9D600E1BAE0 /* FirebaseMLModelDownloader */ = {
			isa = XCSwiftPackageProductDependency;
			package = 18B5C2252AC2F9D600E1BAE0 /* XCRemoteSwiftPackageReference "firebase-ios-sdk" */;
			productName = FirebaseMLModelDownloader;
		};
		18B5C2502AC2F9D600E1BAE0 /* FirebaseMessaging */ = {
			isa = XCSwiftPackageProductDependency;
			package = 18B5C2252AC2F9D600E1BAE0 /* XCRemoteSwiftPackageReference "firebase-ios-sdk" */;
			productName = FirebaseMessaging;
		};
		18B5C2522AC2F9D600E1BAE0 /* FirebasePerformance */ = {
			isa = XCSwiftPackageProductDependency;
			package = 18B5C2252AC2F9D600E1BAE0 /* XCRemoteSwiftPackageReference "firebase-ios-sdk" */;
			productName = FirebasePerformance;
		};
		18B5C2542AC2F9D600E1BAE0 /* FirebaseRemoteConfig */ = {
			isa = XCSwiftPackageProductDependency;
			package = 18B5C2252AC2F9D600E1BAE0 /* XCRemoteSwiftPackageReference "firebase-ios-sdk" */;
			productName = FirebaseRemoteConfig;
		};
		18B5C2562AC2F9D600E1BAE0 /* FirebaseRemoteConfigSwift */ = {
			isa = XCSwiftPackageProductDependency;
			package = 18B5C2252AC2F9D600E1BAE0 /* XCRemoteSwiftPackageReference "firebase-ios-sdk" */;
			productName = FirebaseRemoteConfigSwift;
		};
		18B5C2582AC2F9D600E1BAE0 /* FirebaseStorage */ = {
			isa = XCSwiftPackageProductDependency;
			package = 18B5C2252AC2F9D600E1BAE0 /* XCRemoteSwiftPackageReference "firebase-ios-sdk" */;
			productName = FirebaseStorage;
		};
		18B5C25A2AC2F9D600E1BAE0 /* FirebaseStorageCombine-Community */ = {
			isa = XCSwiftPackageProductDependency;
			package = 18B5C2252AC2F9D600E1BAE0 /* XCRemoteSwiftPackageReference "firebase-ios-sdk" */;
			productName = "FirebaseStorageCombine-Community";
		};
/* End XCSwiftPackageProductDependency section */
	};
	rootObject = 18B5C1EA2AC20B2F00E1BAE0 /* Project object */;
}
